// !$*UTF8*$!
{
	archiveVersion = 1;
	classes = {
	};
	objectVersion = 50;
	objects = {

/* Begin PBXBuildFile section */
		74005DC823FA3B1000FE6289 /* SeasonBests.swift in Sources */ = {isa = PBXBuildFile; fileRef = 74005DC723FA3B1000FE6289 /* SeasonBests.swift */; };
		74005DCA23FA3FB600FE6289 /* Bests.swift in Sources */ = {isa = PBXBuildFile; fileRef = 74005DC923FA3FB600FE6289 /* Bests.swift */; };
		74005DCD23FA460C00FE6289 /* RaceDetail.swift in Sources */ = {isa = PBXBuildFile; fileRef = 74005DCC23FA460C00FE6289 /* RaceDetail.swift */; };
		74005DCF23FA472E00FE6289 /* Race.swift in Sources */ = {isa = PBXBuildFile; fileRef = 74005DCE23FA472E00FE6289 /* Race.swift */; };
		74005DD123FA536300FE6289 /* AllResults.swift in Sources */ = {isa = PBXBuildFile; fileRef = 74005DD023FA536300FE6289 /* AllResults.swift */; };
		74005DD523FA539B00FE6289 /* Result.swift in Sources */ = {isa = PBXBuildFile; fileRef = 74005DD423FA539B00FE6289 /* Result.swift */; };
		7411B0B923F8CB7900FD77FD /* SchoolInfo.swift in Sources */ = {isa = PBXBuildFile; fileRef = 7411B0B823F8CB7900FD77FD /* SchoolInfo.swift */; };
		7411B0BE23F8DE2400FD77FD /* MeetDetailHeader.swift in Sources */ = {isa = PBXBuildFile; fileRef = 7411B0BD23F8DE2400FD77FD /* MeetDetailHeader.swift */; };
		7411B0C023F8DE3200FD77FD /* MeetInfo.swift in Sources */ = {isa = PBXBuildFile; fileRef = 7411B0BF23F8DE3200FD77FD /* MeetInfo.swift */; };
		7430B26D23EBC6AB002873C4 /* UserData.swift in Sources */ = {isa = PBXBuildFile; fileRef = 7430B26C23EBC6AB002873C4 /* UserData.swift */; };
		7430B26F23EBD194002873C4 /* School.swift in Sources */ = {isa = PBXBuildFile; fileRef = 7430B26E23EBD194002873C4 /* School.swift */; };
		7430B27123EBD19D002873C4 /* Meet.swift in Sources */ = {isa = PBXBuildFile; fileRef = 7430B27023EBD19D002873C4 /* Meet.swift */; };
		743BC84323F8C0C7004014D0 /* SchoolDetailHeader.swift in Sources */ = {isa = PBXBuildFile; fileRef = 743BC84223F8C0C7004014D0 /* SchoolDetailHeader.swift */; };
		7441D4CB237F1E0F00CAA1A1 /* AppDelegate.swift in Sources */ = {isa = PBXBuildFile; fileRef = 7441D4CA237F1E0F00CAA1A1 /* AppDelegate.swift */; };
		7441D4CD237F1E0F00CAA1A1 /* SceneDelegate.swift in Sources */ = {isa = PBXBuildFile; fileRef = 7441D4CC237F1E0F00CAA1A1 /* SceneDelegate.swift */; };
		7441D4D0237F1E0F00CAA1A1 /* Alpha_Results.xcdatamodeld in Sources */ = {isa = PBXBuildFile; fileRef = 7441D4CE237F1E0F00CAA1A1 /* Alpha_Results.xcdatamodeld */; };
		7441D4D2237F1E0F00CAA1A1 /* ContentView.swift in Sources */ = {isa = PBXBuildFile; fileRef = 7441D4D1237F1E0F00CAA1A1 /* ContentView.swift */; };
		7441D4D4237F1E1100CAA1A1 /* Assets.xcassets in Resources */ = {isa = PBXBuildFile; fileRef = 7441D4D3237F1E1100CAA1A1 /* Assets.xcassets */; };
		7441D4D7237F1E1100CAA1A1 /* Preview Assets.xcassets in Resources */ = {isa = PBXBuildFile; fileRef = 7441D4D6237F1E1100CAA1A1 /* Preview Assets.xcassets */; };
		7441D4DA237F1E1100CAA1A1 /* LaunchScreen.storyboard in Resources */ = {isa = PBXBuildFile; fileRef = 7441D4D8237F1E1100CAA1A1 /* LaunchScreen.storyboard */; };
		7441D4E2237F255D00CAA1A1 /* Home.swift in Sources */ = {isa = PBXBuildFile; fileRef = 7441D4E1237F255D00CAA1A1 /* Home.swift */; };
		7441D4E4237F266000CAA1A1 /* SearchRow.swift in Sources */ = {isa = PBXBuildFile; fileRef = 7441D4E3237F266000CAA1A1 /* SearchRow.swift */; };
		7441D4E72381DFA200CAA1A1 /* CircleImage.swift in Sources */ = {isa = PBXBuildFile; fileRef = 7441D4E62381DFA200CAA1A1 /* CircleImage.swift */; };
		7441D4EA2381E9D900CAA1A1 /* Athlete.swift in Sources */ = {isa = PBXBuildFile; fileRef = 7441D4E92381E9D900CAA1A1 /* Athlete.swift */; };
		7441D4EC2381F7A900CAA1A1 /* SearchList.swift in Sources */ = {isa = PBXBuildFile; fileRef = 7441D4EB2381F7A900CAA1A1 /* SearchList.swift */; };
		7441D4EE238264C000CAA1A1 /* AthleteDetail.swift in Sources */ = {isa = PBXBuildFile; fileRef = 7441D4ED238264BF00CAA1A1 /* AthleteDetail.swift */; };
		7441D4F023826D6F00CAA1A1 /* ToggleIndex.swift in Sources */ = {isa = PBXBuildFile; fileRef = 7441D4EF23826D6F00CAA1A1 /* ToggleIndex.swift */; };
		744F93A323F4F80E003EFD72 /* EditContent.swift in Sources */ = {isa = PBXBuildFile; fileRef = 744F93A223F4F80E003EFD72 /* EditContent.swift */; };
		744F93A523F5C7E7003EFD72 /* LabeledScroll.swift in Sources */ = {isa = PBXBuildFile; fileRef = 744F93A423F5C7E7003EFD72 /* LabeledScroll.swift */; };
		744F93A723F78811003EFD72 /* AthleteInfo.swift in Sources */ = {isa = PBXBuildFile; fileRef = 744F93A623F78811003EFD72 /* AthleteInfo.swift */; };
		746D161723F0CBC900912BD1 /* ScrollBox.swift in Sources */ = {isa = PBXBuildFile; fileRef = 746D161623F0CBC900912BD1 /* ScrollBox.swift */; };
		7482734523F4E98F00397835 /* Settings.swift in Sources */ = {isa = PBXBuildFile; fileRef = 7482734423F4E98F00397835 /* Settings.swift */; };
		7482734823F4F2E000397835 /* AccountRow.swift in Sources */ = {isa = PBXBuildFile; fileRef = 7482734723F4F2E000397835 /* AccountRow.swift */; };
		7489AF652383547100CA9DCB /* AthleteDetailHeader.swift in Sources */ = {isa = PBXBuildFile; fileRef = 7489AF642383547100CA9DCB /* AthleteDetailHeader.swift */; };
		7497DEEE23EC8A9100F3F5DD /* AthleteRow.swift in Sources */ = {isa = PBXBuildFile; fileRef = 7497DEED23EC8A9100F3F5DD /* AthleteRow.swift */; };
		7497DEF023EC8A9B00F3F5DD /* MeetRow.swift in Sources */ = {isa = PBXBuildFile; fileRef = 7497DEEF23EC8A9B00F3F5DD /* MeetRow.swift */; };
		7497DEF223EC8AA400F3F5DD /* SchoolRow.swift in Sources */ = {isa = PBXBuildFile; fileRef = 7497DEF123EC8AA400F3F5DD /* SchoolRow.swift */; };
		7497DEF423EC8DD700F3F5DD /* AthleteSchool.swift in Sources */ = {isa = PBXBuildFile; fileRef = 7497DEF323EC8DD700F3F5DD /* AthleteSchool.swift */; };
		7497DEF723ECA28A00F3F5DD /* SchoolDetail.swift in Sources */ = {isa = PBXBuildFile; fileRef = 7497DEF623ECA28A00F3F5DD /* SchoolDetail.swift */; };
		7497DEF923ECA29600F3F5DD /* MeetDetail.swift in Sources */ = {isa = PBXBuildFile; fileRef = 7497DEF823ECA29600F3F5DD /* MeetDetail.swift */; };
		749F4CD623F32310007FE423 /* LargeScrollBox.swift in Sources */ = {isa = PBXBuildFile; fileRef = 749F4CD523F32310007FE423 /* LargeScrollBox.swift */; };
		749F4CD823F33473007FE423 /* SmallScrollBox.swift in Sources */ = {isa = PBXBuildFile; fileRef = 749F4CD723F33473007FE423 /* SmallScrollBox.swift */; };
		749F4CDA23F345F5007FE423 /* PageScroll.swift in Sources */ = {isa = PBXBuildFile; fileRef = 749F4CD923F345F5007FE423 /* PageScroll.swift */; };
/* End PBXBuildFile section */

/* Begin PBXFileReference section */
		74005DC723FA3B1000FE6289 /* SeasonBests.swift */ = {isa = PBXFileReference; lastKnownFileType = sourcecode.swift; path = SeasonBests.swift; sourceTree = "<group>"; };
		74005DC923FA3FB600FE6289 /* Bests.swift */ = {isa = PBXFileReference; lastKnownFileType = sourcecode.swift; path = Bests.swift; sourceTree = "<group>"; };
		74005DCC23FA460C00FE6289 /* RaceDetail.swift */ = {isa = PBXFileReference; lastKnownFileType = sourcecode.swift; path = RaceDetail.swift; sourceTree = "<group>"; };
		74005DCE23FA472E00FE6289 /* Race.swift */ = {isa = PBXFileReference; lastKnownFileType = sourcecode.swift; path = Race.swift; sourceTree = "<group>"; };
		74005DD023FA536300FE6289 /* AllResults.swift */ = {isa = PBXFileReference; lastKnownFileType = sourcecode.swift; path = AllResults.swift; sourceTree = "<group>"; };
		74005DD423FA539B00FE6289 /* Result.swift */ = {isa = PBXFileReference; lastKnownFileType = sourcecode.swift; path = Result.swift; sourceTree = "<group>"; };
		7411B0B823F8CB7900FD77FD /* SchoolInfo.swift */ = {isa = PBXFileReference; lastKnownFileType = sourcecode.swift; path = SchoolInfo.swift; sourceTree = "<group>"; };
		7411B0BD23F8DE2400FD77FD /* MeetDetailHeader.swift */ = {isa = PBXFileReference; lastKnownFileType = sourcecode.swift; path = MeetDetailHeader.swift; sourceTree = "<group>"; };
		7411B0BF23F8DE3200FD77FD /* MeetInfo.swift */ = {isa = PBXFileReference; lastKnownFileType = sourcecode.swift; path = MeetInfo.swift; sourceTree = "<group>"; };
		7430B26C23EBC6AB002873C4 /* UserData.swift */ = {isa = PBXFileReference; lastKnownFileType = sourcecode.swift; path = UserData.swift; sourceTree = "<group>"; };
		7430B26E23EBD194002873C4 /* School.swift */ = {isa = PBXFileReference; lastKnownFileType = sourcecode.swift; path = School.swift; sourceTree = "<group>"; };
		7430B27023EBD19D002873C4 /* Meet.swift */ = {isa = PBXFileReference; lastKnownFileType = sourcecode.swift; path = Meet.swift; sourceTree = "<group>"; };
		743BC84223F8C0C7004014D0 /* SchoolDetailHeader.swift */ = {isa = PBXFileReference; lastKnownFileType = sourcecode.swift; path = SchoolDetailHeader.swift; sourceTree = "<group>"; };
		7441D4C7237F1E0F00CAA1A1 /* Alpha Results.app */ = {isa = PBXFileReference; explicitFileType = wrapper.application; includeInIndex = 0; path = "Alpha Results.app"; sourceTree = BUILT_PRODUCTS_DIR; };
		7441D4CA237F1E0F00CAA1A1 /* AppDelegate.swift */ = {isa = PBXFileReference; lastKnownFileType = sourcecode.swift; path = AppDelegate.swift; sourceTree = "<group>"; };
		7441D4CC237F1E0F00CAA1A1 /* SceneDelegate.swift */ = {isa = PBXFileReference; lastKnownFileType = sourcecode.swift; path = SceneDelegate.swift; sourceTree = "<group>"; };
		7441D4CF237F1E0F00CAA1A1 /* Alpha_Results.xcdatamodel */ = {isa = PBXFileReference; lastKnownFileType = wrapper.xcdatamodel; path = Alpha_Results.xcdatamodel; sourceTree = "<group>"; };
		7441D4D1237F1E0F00CAA1A1 /* ContentView.swift */ = {isa = PBXFileReference; lastKnownFileType = sourcecode.swift; path = ContentView.swift; sourceTree = "<group>"; };
		7441D4D3237F1E1100CAA1A1 /* Assets.xcassets */ = {isa = PBXFileReference; lastKnownFileType = folder.assetcatalog; path = Assets.xcassets; sourceTree = "<group>"; };
		7441D4D6237F1E1100CAA1A1 /* Preview Assets.xcassets */ = {isa = PBXFileReference; lastKnownFileType = folder.assetcatalog; path = "Preview Assets.xcassets"; sourceTree = "<group>"; };
		7441D4D9237F1E1100CAA1A1 /* Base */ = {isa = PBXFileReference; lastKnownFileType = file.storyboard; name = Base; path = Base.lproj/LaunchScreen.storyboard; sourceTree = "<group>"; };
		7441D4DB237F1E1100CAA1A1 /* Info.plist */ = {isa = PBXFileReference; lastKnownFileType = text.plist.xml; path = Info.plist; sourceTree = "<group>"; };
		7441D4E1237F255D00CAA1A1 /* Home.swift */ = {isa = PBXFileReference; lastKnownFileType = sourcecode.swift; path = Home.swift; sourceTree = "<group>"; };
		7441D4E3237F266000CAA1A1 /* SearchRow.swift */ = {isa = PBXFileReference; lastKnownFileType = sourcecode.swift; path = SearchRow.swift; sourceTree = "<group>"; };
		7441D4E62381DFA200CAA1A1 /* CircleImage.swift */ = {isa = PBXFileReference; lastKnownFileType = sourcecode.swift; path = CircleImage.swift; sourceTree = "<group>"; };
		7441D4E92381E9D900CAA1A1 /* Athlete.swift */ = {isa = PBXFileReference; lastKnownFileType = sourcecode.swift; path = Athlete.swift; sourceTree = "<group>"; };
		7441D4EB2381F7A900CAA1A1 /* SearchList.swift */ = {isa = PBXFileReference; lastKnownFileType = sourcecode.swift; path = SearchList.swift; sourceTree = "<group>"; };
		7441D4ED238264BF00CAA1A1 /* AthleteDetail.swift */ = {isa = PBXFileReference; lastKnownFileType = sourcecode.swift; path = AthleteDetail.swift; sourceTree = "<group>"; };
		7441D4EF23826D6F00CAA1A1 /* ToggleIndex.swift */ = {isa = PBXFileReference; lastKnownFileType = sourcecode.swift; path = ToggleIndex.swift; sourceTree = "<group>"; };
		744F93A223F4F80E003EFD72 /* EditContent.swift */ = {isa = PBXFileReference; lastKnownFileType = sourcecode.swift; path = EditContent.swift; sourceTree = "<group>"; };
		744F93A423F5C7E7003EFD72 /* LabeledScroll.swift */ = {isa = PBXFileReference; lastKnownFileType = sourcecode.swift; path = LabeledScroll.swift; sourceTree = "<group>"; };
		744F93A623F78811003EFD72 /* AthleteInfo.swift */ = {isa = PBXFileReference; lastKnownFileType = sourcecode.swift; path = AthleteInfo.swift; sourceTree = "<group>"; };
		746D161623F0CBC900912BD1 /* ScrollBox.swift */ = {isa = PBXFileReference; lastKnownFileType = sourcecode.swift; path = ScrollBox.swift; sourceTree = "<group>"; wrapsLines = 1; };
		7482734423F4E98F00397835 /* Settings.swift */ = {isa = PBXFileReference; lastKnownFileType = sourcecode.swift; path = Settings.swift; sourceTree = "<group>"; };
		7482734723F4F2E000397835 /* AccountRow.swift */ = {isa = PBXFileReference; lastKnownFileType = sourcecode.swift; path = AccountRow.swift; sourceTree = "<group>"; };
		7489AF642383547100CA9DCB /* AthleteDetailHeader.swift */ = {isa = PBXFileReference; lastKnownFileType = sourcecode.swift; path = AthleteDetailHeader.swift; sourceTree = "<group>"; };
		7497DEED23EC8A9100F3F5DD /* AthleteRow.swift */ = {isa = PBXFileReference; lastKnownFileType = sourcecode.swift; path = AthleteRow.swift; sourceTree = "<group>"; };
		7497DEEF23EC8A9B00F3F5DD /* MeetRow.swift */ = {isa = PBXFileReference; lastKnownFileType = sourcecode.swift; path = MeetRow.swift; sourceTree = "<group>"; };
		7497DEF123EC8AA400F3F5DD /* SchoolRow.swift */ = {isa = PBXFileReference; lastKnownFileType = sourcecode.swift; path = SchoolRow.swift; sourceTree = "<group>"; };
		7497DEF323EC8DD700F3F5DD /* AthleteSchool.swift */ = {isa = PBXFileReference; lastKnownFileType = sourcecode.swift; path = AthleteSchool.swift; sourceTree = "<group>"; };
		7497DEF623ECA28A00F3F5DD /* SchoolDetail.swift */ = {isa = PBXFileReference; lastKnownFileType = sourcecode.swift; path = SchoolDetail.swift; sourceTree = "<group>"; };
		7497DEF823ECA29600F3F5DD /* MeetDetail.swift */ = {isa = PBXFileReference; lastKnownFileType = sourcecode.swift; path = MeetDetail.swift; sourceTree = "<group>"; };
		749F4CD523F32310007FE423 /* LargeScrollBox.swift */ = {isa = PBXFileReference; lastKnownFileType = sourcecode.swift; path = LargeScrollBox.swift; sourceTree = "<group>"; };
		749F4CD723F33473007FE423 /* SmallScrollBox.swift */ = {isa = PBXFileReference; lastKnownFileType = sourcecode.swift; path = SmallScrollBox.swift; sourceTree = "<group>"; };
		749F4CD923F345F5007FE423 /* PageScroll.swift */ = {isa = PBXFileReference; lastKnownFileType = sourcecode.swift; path = PageScroll.swift; sourceTree = "<group>"; };
/* End PBXFileReference section */

/* Begin PBXFrameworksBuildPhase section */
		7441D4C4237F1E0F00CAA1A1 /* Frameworks */ = {
			isa = PBXFrameworksBuildPhase;
			buildActionMask = 2147483647;
			files = (
			);
			runOnlyForDeploymentPostprocessing = 0;
		};
/* End PBXFrameworksBuildPhase section */

/* Begin PBXGroup section */
		74005DCB23FA45FE00FE6289 /* Race */ = {
			isa = PBXGroup;
			children = (
				74005DCC23FA460C00FE6289 /* RaceDetail.swift */,
			);
			path = Race;
			sourceTree = "<group>";
		};
		7411B0BA23F8DCE300FD77FD /* Athlete */ = {
			isa = PBXGroup;
			children = (
				7489AF642383547100CA9DCB /* AthleteDetailHeader.swift */,
				7441D4ED238264BF00CAA1A1 /* AthleteDetail.swift */,
				744F93A623F78811003EFD72 /* AthleteInfo.swift */,
				74005DC723FA3B1000FE6289 /* SeasonBests.swift */,
				74005DC923FA3FB600FE6289 /* Bests.swift */,
				74005DD023FA536300FE6289 /* AllResults.swift */,
			);
			path = Athlete;
			sourceTree = "<group>";
		};
		7411B0BB23F8DCFA00FD77FD /* School */ = {
			isa = PBXGroup;
			children = (
				7497DEF623ECA28A00F3F5DD /* SchoolDetail.swift */,
				743BC84223F8C0C7004014D0 /* SchoolDetailHeader.swift */,
				7411B0B823F8CB7900FD77FD /* SchoolInfo.swift */,
			);
			path = School;
			sourceTree = "<group>";
		};
		7411B0BC23F8DD0A00FD77FD /* Meet */ = {
			isa = PBXGroup;
			children = (
				7497DEF823ECA29600F3F5DD /* MeetDetail.swift */,
				7411B0BD23F8DE2400FD77FD /* MeetDetailHeader.swift */,
				7411B0BF23F8DE3200FD77FD /* MeetInfo.swift */,
			);
			path = Meet;
			sourceTree = "<group>";
		};
		7441D4BE237F1E0F00CAA1A1 = {
			isa = PBXGroup;
			children = (
				7441D4C9237F1E0F00CAA1A1 /* Alpha Results */,
				7441D4C8237F1E0F00CAA1A1 /* Products */,
			);
			sourceTree = "<group>";
		};
		7441D4C8237F1E0F00CAA1A1 /* Products */ = {
			isa = PBXGroup;
			children = (
				7441D4C7237F1E0F00CAA1A1 /* Alpha Results.app */,
			);
			name = Products;
			sourceTree = "<group>";
		};
		7441D4C9237F1E0F00CAA1A1 /* Alpha Results */ = {
			isa = PBXGroup;
			children = (
				7430B26C23EBC6AB002873C4 /* UserData.swift */,
				7441D4CA237F1E0F00CAA1A1 /* AppDelegate.swift */,
				7441D4CC237F1E0F00CAA1A1 /* SceneDelegate.swift */,
				7441D4D1237F1E0F00CAA1A1 /* ContentView.swift */,
				7441D4E1237F255D00CAA1A1 /* Home.swift */,
				7482734623F4F2BA00397835 /* Settings */,
				7497DEF523ECA26E00F3F5DD /* Details */,
				7497DEEC23EC8A6100F3F5DD /* Search */,
				7441D4E82381E9BC00CAA1A1 /* Models */,
				7441D4E52381DF8B00CAA1A1 /* Helpers */,
				7441D4D3237F1E1100CAA1A1 /* Assets.xcassets */,
				7441D4D8237F1E1100CAA1A1 /* LaunchScreen.storyboard */,
				7441D4DB237F1E1100CAA1A1 /* Info.plist */,
				7441D4CE237F1E0F00CAA1A1 /* Alpha_Results.xcdatamodeld */,
				7441D4D5237F1E1100CAA1A1 /* Preview Content */,
			);
			path = "Alpha Results";
			sourceTree = "<group>";
		};
		7441D4D5237F1E1100CAA1A1 /* Preview Content */ = {
			isa = PBXGroup;
			children = (
				7441D4D6237F1E1100CAA1A1 /* Preview Assets.xcassets */,
			);
			path = "Preview Content";
			sourceTree = "<group>";
		};
		7441D4E52381DF8B00CAA1A1 /* Helpers */ = {
			isa = PBXGroup;
			children = (
				7441D4E62381DFA200CAA1A1 /* CircleImage.swift */,
				7441D4EF23826D6F00CAA1A1 /* ToggleIndex.swift */,
				746D161623F0CBC900912BD1 /* ScrollBox.swift */,
				749F4CD523F32310007FE423 /* LargeScrollBox.swift */,
				749F4CD723F33473007FE423 /* SmallScrollBox.swift */,
				749F4CD923F345F5007FE423 /* PageScroll.swift */,
				7482734723F4F2E000397835 /* AccountRow.swift */,
				744F93A423F5C7E7003EFD72 /* LabeledScroll.swift */,
			);
			path = Helpers;
			sourceTree = "<group>";
		};
		7441D4E82381E9BC00CAA1A1 /* Models */ = {
			isa = PBXGroup;
			children = (
				7441D4E92381E9D900CAA1A1 /* Athlete.swift */,
				7430B26E23EBD194002873C4 /* School.swift */,
				7430B27023EBD19D002873C4 /* Meet.swift */,
				7497DEF323EC8DD700F3F5DD /* AthleteSchool.swift */,
				74005DCE23FA472E00FE6289 /* Race.swift */,
				74005DD423FA539B00FE6289 /* Result.swift */,
			);
			path = Models;
			sourceTree = "<group>";
		};
		7482734623F4F2BA00397835 /* Settings */ = {
			isa = PBXGroup;
			children = (
				7482734423F4E98F00397835 /* Settings.swift */,
				744F93A223F4F80E003EFD72 /* EditContent.swift */,
			);
			path = Settings;
			sourceTree = "<group>";
		};
		7497DEEC23EC8A6100F3F5DD /* Search */ = {
			isa = PBXGroup;
			children = (
				7441D4EB2381F7A900CAA1A1 /* SearchList.swift */,
				7441D4E3237F266000CAA1A1 /* SearchRow.swift */,
				7497DEED23EC8A9100F3F5DD /* AthleteRow.swift */,
				7497DEEF23EC8A9B00F3F5DD /* MeetRow.swift */,
				7497DEF123EC8AA400F3F5DD /* SchoolRow.swift */,
			);
			path = Search;
			sourceTree = "<group>";
		};
		7497DEF523ECA26E00F3F5DD /* Details */ = {
			isa = PBXGroup;
			children = (
				74005DCB23FA45FE00FE6289 /* Race */,
				7411B0BA23F8DCE300FD77FD /* Athlete */,
				7411B0BC23F8DD0A00FD77FD /* Meet */,
				7411B0BB23F8DCFA00FD77FD /* School */,
			);
			path = Details;
			sourceTree = "<group>";
		};
/* End PBXGroup section */

/* Begin PBXNativeTarget section */
		7441D4C6237F1E0F00CAA1A1 /* Alpha Results */ = {
			isa = PBXNativeTarget;
			buildConfigurationList = 7441D4DE237F1E1100CAA1A1 /* Build configuration list for PBXNativeTarget "Alpha Results" */;
			buildPhases = (
				7441D4C3237F1E0F00CAA1A1 /* Sources */,
				7441D4C4237F1E0F00CAA1A1 /* Frameworks */,
				7441D4C5237F1E0F00CAA1A1 /* Resources */,
			);
			buildRules = (
			);
			dependencies = (
			);
			name = "Alpha Results";
			productName = "Alpha Results";
			productReference = 7441D4C7237F1E0F00CAA1A1 /* Alpha Results.app */;
			productType = "com.apple.product-type.application";
		};
/* End PBXNativeTarget section */

/* Begin PBXProject section */
		7441D4BF237F1E0F00CAA1A1 /* Project object */ = {
			isa = PBXProject;
			attributes = {
				LastSwiftUpdateCheck = 1120;
				LastUpgradeCheck = 1120;
				ORGANIZATIONNAME = "Evan Jameson";
				TargetAttributes = {
					7441D4C6237F1E0F00CAA1A1 = {
						CreatedOnToolsVersion = 11.2.1;
					};
				};
			};
			buildConfigurationList = 7441D4C2237F1E0F00CAA1A1 /* Build configuration list for PBXProject "Alpha Results" */;
			compatibilityVersion = "Xcode 9.3";
			developmentRegion = en;
			hasScannedForEncodings = 0;
			knownRegions = (
				en,
				Base,
			);
			mainGroup = 7441D4BE237F1E0F00CAA1A1;
			productRefGroup = 7441D4C8237F1E0F00CAA1A1 /* Products */;
			projectDirPath = "";
			projectRoot = "";
			targets = (
				7441D4C6237F1E0F00CAA1A1 /* Alpha Results */,
			);
		};
/* End PBXProject section */

/* Begin PBXResourcesBuildPhase section */
		7441D4C5237F1E0F00CAA1A1 /* Resources */ = {
			isa = PBXResourcesBuildPhase;
			buildActionMask = 2147483647;
			files = (
				7441D4DA237F1E1100CAA1A1 /* LaunchScreen.storyboard in Resources */,
				7441D4D7237F1E1100CAA1A1 /* Preview Assets.xcassets in Resources */,
				7441D4D4237F1E1100CAA1A1 /* Assets.xcassets in Resources */,
			);
			runOnlyForDeploymentPostprocessing = 0;
		};
/* End PBXResourcesBuildPhase section */

/* Begin PBXSourcesBuildPhase section */
		7441D4C3237F1E0F00CAA1A1 /* Sources */ = {
			isa = PBXSourcesBuildPhase;
			buildActionMask = 2147483647;
			files = (
				744F93A323F4F80E003EFD72 /* EditContent.swift in Sources */,
				7497DEF723ECA28A00F3F5DD /* SchoolDetail.swift in Sources */,
				7430B26D23EBC6AB002873C4 /* UserData.swift in Sources */,
				7482734523F4E98F00397835 /* Settings.swift in Sources */,
				7441D4CB237F1E0F00CAA1A1 /* AppDelegate.swift in Sources */,
				74005DCD23FA460C00FE6289 /* RaceDetail.swift in Sources */,
				74005DD523FA539B00FE6289 /* Result.swift in Sources */,
				744F93A523F5C7E7003EFD72 /* LabeledScroll.swift in Sources */,
				7411B0BE23F8DE2400FD77FD /* MeetDetailHeader.swift in Sources */,
				7441D4CD237F1E0F00CAA1A1 /* SceneDelegate.swift in Sources */,
				746D161723F0CBC900912BD1 /* ScrollBox.swift in Sources */,
				7482734823F4F2E000397835 /* AccountRow.swift in Sources */,
				7411B0C023F8DE3200FD77FD /* MeetInfo.swift in Sources */,
				7497DEF023EC8A9B00F3F5DD /* MeetRow.swift in Sources */,
				7441D4EC2381F7A900CAA1A1 /* SearchList.swift in Sources */,
				7441D4E2237F255D00CAA1A1 /* Home.swift in Sources */,
				749F4CD823F33473007FE423 /* SmallScrollBox.swift in Sources */,
				7441D4E72381DFA200CAA1A1 /* CircleImage.swift in Sources */,
				7441D4D2237F1E0F00CAA1A1 /* ContentView.swift in Sources */,
				744F93A723F78811003EFD72 /* AthleteInfo.swift in Sources */,
				7430B26F23EBD194002873C4 /* School.swift in Sources */,
				7441D4E4237F266000CAA1A1 /* SearchRow.swift in Sources */,
				749F4CD623F32310007FE423 /* LargeScrollBox.swift in Sources */,
				74005DD123FA536300FE6289 /* AllResults.swift in Sources */,
				7430B27123EBD19D002873C4 /* Meet.swift in Sources */,
				7497DEEE23EC8A9100F3F5DD /* AthleteRow.swift in Sources */,
				7441D4D0237F1E0F00CAA1A1 /* Alpha_Results.xcdatamodeld in Sources */,
				7441D4F023826D6F00CAA1A1 /* ToggleIndex.swift in Sources */,
				743BC84323F8C0C7004014D0 /* SchoolDetailHeader.swift in Sources */,
				749F4CDA23F345F5007FE423 /* PageScroll.swift in Sources */,
				7497DEF223EC8AA400F3F5DD /* SchoolRow.swift in Sources */,
				7441D4EE238264C000CAA1A1 /* AthleteDetail.swift in Sources */,
				7441D4EA2381E9D900CAA1A1 /* Athlete.swift in Sources */,
				7489AF652383547100CA9DCB /* AthleteDetailHeader.swift in Sources */,
				7497DEF923ECA29600F3F5DD /* MeetDetail.swift in Sources */,
				7497DEF423EC8DD700F3F5DD /* AthleteSchool.swift in Sources */,
				74005DC823FA3B1000FE6289 /* SeasonBests.swift in Sources */,
				7411B0B923F8CB7900FD77FD /* SchoolInfo.swift in Sources */,
				74005DCF23FA472E00FE6289 /* Race.swift in Sources */,
				74005DCA23FA3FB600FE6289 /* Bests.swift in Sources */,
			);
			runOnlyForDeploymentPostprocessing = 0;
		};
/* End PBXSourcesBuildPhase section */

/* Begin PBXVariantGroup section */
		7441D4D8237F1E1100CAA1A1 /* LaunchScreen.storyboard */ = {
			isa = PBXVariantGroup;
			children = (
				7441D4D9237F1E1100CAA1A1 /* Base */,
			);
			name = LaunchScreen.storyboard;
			sourceTree = "<group>";
		};
/* End PBXVariantGroup section */

/* Begin XCBuildConfiguration section */
		7441D4DC237F1E1100CAA1A1 /* Debug */ = {
			isa = XCBuildConfiguration;
			buildSettings = {
				ALWAYS_SEARCH_USER_PATHS = NO;
				CLANG_ANALYZER_NONNULL = YES;
				CLANG_ANALYZER_NUMBER_OBJECT_CONVERSION = YES_AGGRESSIVE;
				CLANG_CXX_LANGUAGE_STANDARD = "gnu++14";
				CLANG_CXX_LIBRARY = "libc++";
				CLANG_ENABLE_MODULES = YES;
				CLANG_ENABLE_OBJC_ARC = YES;
				CLANG_ENABLE_OBJC_WEAK = YES;
				CLANG_WARN_BLOCK_CAPTURE_AUTORELEASING = YES;
				CLANG_WARN_BOOL_CONVERSION = YES;
				CLANG_WARN_COMMA = YES;
				CLANG_WARN_CONSTANT_CONVERSION = YES;
				CLANG_WARN_DEPRECATED_OBJC_IMPLEMENTATIONS = YES;
				CLANG_WARN_DIRECT_OBJC_ISA_USAGE = YES_ERROR;
				CLANG_WARN_DOCUMENTATION_COMMENTS = YES;
				CLANG_WARN_EMPTY_BODY = YES;
				CLANG_WARN_ENUM_CONVERSION = YES;
				CLANG_WARN_INFINITE_RECURSION = YES;
				CLANG_WARN_INT_CONVERSION = YES;
				CLANG_WARN_NON_LITERAL_NULL_CONVERSION = YES;
				CLANG_WARN_OBJC_IMPLICIT_RETAIN_SELF = YES;
				CLANG_WARN_OBJC_LITERAL_CONVERSION = YES;
				CLANG_WARN_OBJC_ROOT_CLASS = YES_ERROR;
				CLANG_WARN_RANGE_LOOP_ANALYSIS = YES;
				CLANG_WARN_STRICT_PROTOTYPES = YES;
				CLANG_WARN_SUSPICIOUS_MOVE = YES;
				CLANG_WARN_UNGUARDED_AVAILABILITY = YES_AGGRESSIVE;
				CLANG_WARN_UNREACHABLE_CODE = YES;
				CLANG_WARN__DUPLICATE_METHOD_MATCH = YES;
				COPY_PHASE_STRIP = NO;
				DEBUG_INFORMATION_FORMAT = dwarf;
				ENABLE_STRICT_OBJC_MSGSEND = YES;
				ENABLE_TESTABILITY = YES;
				GCC_C_LANGUAGE_STANDARD = gnu11;
				GCC_DYNAMIC_NO_PIC = NO;
				GCC_NO_COMMON_BLOCKS = YES;
				GCC_OPTIMIZATION_LEVEL = 0;
				GCC_PREPROCESSOR_DEFINITIONS = (
					"DEBUG=1",
					"$(inherited)",
				);
				GCC_WARN_64_TO_32_BIT_CONVERSION = YES;
				GCC_WARN_ABOUT_RETURN_TYPE = YES_ERROR;
				GCC_WARN_UNDECLARED_SELECTOR = YES;
				GCC_WARN_UNINITIALIZED_AUTOS = YES_AGGRESSIVE;
				GCC_WARN_UNUSED_FUNCTION = YES;
				GCC_WARN_UNUSED_VARIABLE = YES;
				IPHONEOS_DEPLOYMENT_TARGET = 13.2;
				MTL_ENABLE_DEBUG_INFO = INCLUDE_SOURCE;
				MTL_FAST_MATH = YES;
				ONLY_ACTIVE_ARCH = YES;
				SDKROOT = iphoneos;
				SWIFT_ACTIVE_COMPILATION_CONDITIONS = DEBUG;
				SWIFT_OPTIMIZATION_LEVEL = "-Onone";
			};
			name = Debug;
		};
		7441D4DD237F1E1100CAA1A1 /* Release */ = {
			isa = XCBuildConfiguration;
			buildSettings = {
				ALWAYS_SEARCH_USER_PATHS = NO;
				CLANG_ANALYZER_NONNULL = YES;
				CLANG_ANALYZER_NUMBER_OBJECT_CONVERSION = YES_AGGRESSIVE;
				CLANG_CXX_LANGUAGE_STANDARD = "gnu++14";
				CLANG_CXX_LIBRARY = "libc++";
				CLANG_ENABLE_MODULES = YES;
				CLANG_ENABLE_OBJC_ARC = YES;
				CLANG_ENABLE_OBJC_WEAK = YES;
				CLANG_WARN_BLOCK_CAPTURE_AUTORELEASING = YES;
				CLANG_WARN_BOOL_CONVERSION = YES;
				CLANG_WARN_COMMA = YES;
				CLANG_WARN_CONSTANT_CONVERSION = YES;
				CLANG_WARN_DEPRECATED_OBJC_IMPLEMENTATIONS = YES;
				CLANG_WARN_DIRECT_OBJC_ISA_USAGE = YES_ERROR;
				CLANG_WARN_DOCUMENTATION_COMMENTS = YES;
				CLANG_WARN_EMPTY_BODY = YES;
				CLANG_WARN_ENUM_CONVERSION = YES;
				CLANG_WARN_INFINITE_RECURSION = YES;
				CLANG_WARN_INT_CONVERSION = YES;
				CLANG_WARN_NON_LITERAL_NULL_CONVERSION = YES;
				CLANG_WARN_OBJC_IMPLICIT_RETAIN_SELF = YES;
				CLANG_WARN_OBJC_LITERAL_CONVERSION = YES;
				CLANG_WARN_OBJC_ROOT_CLASS = YES_ERROR;
				CLANG_WARN_RANGE_LOOP_ANALYSIS = YES;
				CLANG_WARN_STRICT_PROTOTYPES = YES;
				CLANG_WARN_SUSPICIOUS_MOVE = YES;
				CLANG_WARN_UNGUARDED_AVAILABILITY = YES_AGGRESSIVE;
				CLANG_WARN_UNREACHABLE_CODE = YES;
				CLANG_WARN__DUPLICATE_METHOD_MATCH = YES;
				COPY_PHASE_STRIP = NO;
				DEBUG_INFORMATION_FORMAT = "dwarf-with-dsym";
				ENABLE_NS_ASSERTIONS = NO;
				ENABLE_STRICT_OBJC_MSGSEND = YES;
				GCC_C_LANGUAGE_STANDARD = gnu11;
				GCC_NO_COMMON_BLOCKS = YES;
				GCC_WARN_64_TO_32_BIT_CONVERSION = YES;
				GCC_WARN_ABOUT_RETURN_TYPE = YES_ERROR;
				GCC_WARN_UNDECLARED_SELECTOR = YES;
				GCC_WARN_UNINITIALIZED_AUTOS = YES_AGGRESSIVE;
				GCC_WARN_UNUSED_FUNCTION = YES;
				GCC_WARN_UNUSED_VARIABLE = YES;
				IPHONEOS_DEPLOYMENT_TARGET = 13.2;
				MTL_ENABLE_DEBUG_INFO = NO;
				MTL_FAST_MATH = YES;
				SDKROOT = iphoneos;
				SWIFT_COMPILATION_MODE = wholemodule;
				SWIFT_OPTIMIZATION_LEVEL = "-O";
				VALIDATE_PRODUCT = YES;
			};
			name = Release;
		};
		7441D4DF237F1E1100CAA1A1 /* Debug */ = {
			isa = XCBuildConfiguration;
			buildSettings = {
				ASSETCATALOG_COMPILER_APPICON_NAME = AppIcon;
				CODE_SIGN_STYLE = Automatic;
				DEVELOPMENT_ASSET_PATHS = "\"Alpha Results/Preview Content\"";
				DEVELOPMENT_TEAM = 8DU5NS7T8P;
				ENABLE_PREVIEWS = YES;
				INFOPLIST_FILE = "Alpha Results/Info.plist";
				LD_RUNPATH_SEARCH_PATHS = (
					"$(inherited)",
					"@executable_path/Frameworks",
				);
				PRODUCT_BUNDLE_IDENTIFIER = "EJ.Alpha-Results";
				PRODUCT_NAME = "$(TARGET_NAME)";
				SWIFT_VERSION = 5.0;
				TARGETED_DEVICE_FAMILY = "1,2";
			};
			name = Debug;
		};
		7441D4E0237F1E1100CAA1A1 /* Release */ = {
			isa = XCBuildConfiguration;
			buildSettings = {
				ASSETCATALOG_COMPILER_APPICON_NAME = AppIcon;
				CODE_SIGN_STYLE = Automatic;
				DEVELOPMENT_ASSET_PATHS = "\"Alpha Results/Preview Content\"";
				DEVELOPMENT_TEAM = 8DU5NS7T8P;
				ENABLE_PREVIEWS = YES;
				INFOPLIST_FILE = "Alpha Results/Info.plist";
				LD_RUNPATH_SEARCH_PATHS = (
					"$(inherited)",
					"@executable_path/Frameworks",
				);
				PRODUCT_BUNDLE_IDENTIFIER = "EJ.Alpha-Results";
				PRODUCT_NAME = "$(TARGET_NAME)";
				SWIFT_VERSION = 5.0;
				TARGETED_DEVICE_FAMILY = "1,2";
			};
			name = Release;
		};
/* End XCBuildConfiguration section */

/* Begin XCConfigurationList section */
		7441D4C2237F1E0F00CAA1A1 /* Build configuration list for PBXProject "Alpha Results" */ = {
			isa = XCConfigurationList;
			buildConfigurations = (
				7441D4DC237F1E1100CAA1A1 /* Debug */,
				7441D4DD237F1E1100CAA1A1 /* Release */,
			);
			defaultConfigurationIsVisible = 0;
			defaultConfigurationName = Release;
		};
		7441D4DE237F1E1100CAA1A1 /* Build configuration list for PBXNativeTarget "Alpha Results" */ = {
			isa = XCConfigurationList;
			buildConfigurations = (
				7441D4DF237F1E1100CAA1A1 /* Debug */,
				7441D4E0237F1E1100CAA1A1 /* Release */,
			);
			defaultConfigurationIsVisible = 0;
			defaultConfigurationName = Release;
		};
/* End XCConfigurationList section */

/* Begin XCVersionGroup section */
		7441D4CE237F1E0F00CAA1A1 /* Alpha_Results.xcdatamodeld */ = {
			isa = XCVersionGroup;
			children = (
				7441D4CF237F1E0F00CAA1A1 /* Alpha_Results.xcdatamodel */,
			);
			currentVersion = 7441D4CF237F1E0F00CAA1A1 /* Alpha_Results.xcdatamodel */;
			path = Alpha_Results.xcdatamodeld;
			sourceTree = "<group>";
			versionGroupType = wrapper.xcdatamodel;
		};
/* End XCVersionGroup section */
	};
	rootObject = 7441D4BF237F1E0F00CAA1A1 /* Project object */;
}
