// !$*UTF8*$!
{
	archiveVersion = 1;
	classes = {
	};
	objectVersion = 50;
	objects = {

/* Begin PBXBuildFile section */
		7441D4CB237F1E0F00CAA1A1 /* AppDelegate.swift in Sources */ = {isa = PBXBuildFile; fileRef = 7441D4CA237F1E0F00CAA1A1 /* AppDelegate.swift */; };
		7441D4CD237F1E0F00CAA1A1 /* SceneDelegate.swift in Sources */ = {isa = PBXBuildFile; fileRef = 7441D4CC237F1E0F00CAA1A1 /* SceneDelegate.swift */; };
		7441D4D0237F1E0F00CAA1A1 /* Alpha_Results.xcdatamodeld in Sources */ = {isa = PBXBuildFile; fileRef = 7441D4CE237F1E0F00CAA1A1 /* Alpha_Results.xcdatamodeld */; };
		7441D4D2237F1E0F00CAA1A1 /* ContentView.swift in Sources */ = {isa = PBXBuildFile; fileRef = 7441D4D1237F1E0F00CAA1A1 /* ContentView.swift */; };
		7441D4D4237F1E1100CAA1A1 /* Assets.xcassets in Resources */ = {isa = PBXBuildFile; fileRef = 7441D4D3237F1E1100CAA1A1 /* Assets.xcassets */; };
		7441D4D7237F1E1100CAA1A1 /* Preview Assets.xcassets in Resources */ = {isa = PBXBuildFile; fileRef = 7441D4D6237F1E1100CAA1A1 /* Preview Assets.xcassets */; };
		7441D4DA237F1E1100CAA1A1 /* LaunchScreen.storyboard in Resources */ = {isa = PBXBuildFile; fileRef = 7441D4D8237F1E1100CAA1A1 /* LaunchScreen.storyboard */; };
		7441D4E2237F255D00CAA1A1 /* Home.swift in Sources */ = {isa = PBXBuildFile; fileRef = 7441D4E1237F255D00CAA1A1 /* Home.swift */; };
		7441D4E4237F266000CAA1A1 /* SearchRow.swift in Sources */ = {isa = PBXBuildFile; fileRef = 7441D4E3237F266000CAA1A1 /* SearchRow.swift */; };
		7441D4E72381DFA200CAA1A1 /* CircleImage.swift in Sources */ = {isa = PBXBuildFile; fileRef = 7441D4E62381DFA200CAA1A1 /* CircleImage.swift */; };
		7441D4EA2381E9D900CAA1A1 /* Athlete.swift in Sources */ = {isa = PBXBuildFile; fileRef = 7441D4E92381E9D900CAA1A1 /* Athlete.swift */; };
		7441D4EC2381F7A900CAA1A1 /* SearchList.swift in Sources */ = {isa = PBXBuildFile; fileRef = 7441D4EB2381F7A900CAA1A1 /* SearchList.swift */; };
		7441D4EE238264C000CAA1A1 /* AthleteDetail.swift in Sources */ = {isa = PBXBuildFile; fileRef = 7441D4ED238264BF00CAA1A1 /* AthleteDetail.swift */; };
		7441D4F023826D6F00CAA1A1 /* ToggleIndex.swift in Sources */ = {isa = PBXBuildFile; fileRef = 7441D4EF23826D6F00CAA1A1 /* ToggleIndex.swift */; };
		7489AF652383547100CA9DCB /* AthleteDetailHeader.swift in Sources */ = {isa = PBXBuildFile; fileRef = 7489AF642383547100CA9DCB /* AthleteDetailHeader.swift */; };
/* End PBXBuildFile section */

/* Begin PBXFileReference section */
		7441D4C7237F1E0F00CAA1A1 /* Alpha Results.app */ = {isa = PBXFileReference; explicitFileType = wrapper.application; includeInIndex = 0; path = "Alpha Results.app"; sourceTree = BUILT_PRODUCTS_DIR; };
		7441D4CA237F1E0F00CAA1A1 /* AppDelegate.swift */ = {isa = PBXFileReference; lastKnownFileType = sourcecode.swift; path = AppDelegate.swift; sourceTree = "<group>"; };
		7441D4CC237F1E0F00CAA1A1 /* SceneDelegate.swift */ = {isa = PBXFileReference; lastKnownFileType = sourcecode.swift; path = SceneDelegate.swift; sourceTree = "<group>"; };
		7441D4CF237F1E0F00CAA1A1 /* Alpha_Results.xcdatamodel */ = {isa = PBXFileReference; lastKnownFileType = wrapper.xcdatamodel; path = Alpha_Results.xcdatamodel; sourceTree = "<group>"; };
		7441D4D1237F1E0F00CAA1A1 /* ContentView.swift */ = {isa = PBXFileReference; lastKnownFileType = sourcecode.swift; path = ContentView.swift; sourceTree = "<group>"; };
		7441D4D3237F1E1100CAA1A1 /* Assets.xcassets */ = {isa = PBXFileReference; lastKnownFileType = folder.assetcatalog; path = Assets.xcassets; sourceTree = "<group>"; };
		7441D4D6237F1E1100CAA1A1 /* Preview Assets.xcassets */ = {isa = PBXFileReference; lastKnownFileType = folder.assetcatalog; path = "Preview Assets.xcassets"; sourceTree = "<group>"; };
		7441D4D9237F1E1100CAA1A1 /* Base */ = {isa = PBXFileReference; lastKnownFileType = file.storyboard; name = Base; path = Base.lproj/LaunchScreen.storyboard; sourceTree = "<group>"; };
		7441D4DB237F1E1100CAA1A1 /* Info.plist */ = {isa = PBXFileReference; lastKnownFileType = text.plist.xml; path = Info.plist; sourceTree = "<group>"; };
		7441D4E1237F255D00CAA1A1 /* Home.swift */ = {isa = PBXFileReference; lastKnownFileType = sourcecode.swift; path = Home.swift; sourceTree = "<group>"; };
		7441D4E3237F266000CAA1A1 /* SearchRow.swift */ = {isa = PBXFileReference; lastKnownFileType = sourcecode.swift; path = SearchRow.swift; sourceTree = "<group>"; };
		7441D4E62381DFA200CAA1A1 /* CircleImage.swift */ = {isa = PBXFileReference; lastKnownFileType = sourcecode.swift; path = CircleImage.swift; sourceTree = "<group>"; };
		7441D4E92381E9D900CAA1A1 /* Athlete.swift */ = {isa = PBXFileReference; lastKnownFileType = sourcecode.swift; path = Athlete.swift; sourceTree = "<group>"; };
		7441D4EB2381F7A900CAA1A1 /* SearchList.swift */ = {isa = PBXFileReference; lastKnownFileType = sourcecode.swift; path = SearchList.swift; sourceTree = "<group>"; };
		7441D4ED238264BF00CAA1A1 /* AthleteDetail.swift */ = {isa = PBXFileReference; lastKnownFileType = sourcecode.swift; path = AthleteDetail.swift; sourceTree = "<group>"; };
		7441D4EF23826D6F00CAA1A1 /* ToggleIndex.swift */ = {isa = PBXFileReference; lastKnownFileType = sourcecode.swift; path = ToggleIndex.swift; sourceTree = "<group>"; };
		7489AF642383547100CA9DCB /* AthleteDetailHeader.swift */ = {isa = PBXFileReference; lastKnownFileType = sourcecode.swift; path = AthleteDetailHeader.swift; sourceTree = "<group>"; };
/* End PBXFileReference section */

/* Begin PBXFrameworksBuildPhase section */
		7441D4C4237F1E0F00CAA1A1 /* Frameworks */ = {
			isa = PBXFrameworksBuildPhase;
			buildActionMask = 2147483647;
			files = (
			);
			runOnlyForDeploymentPostprocessing = 0;
		};
/* End PBXFrameworksBuildPhase section */

/* Begin PBXGroup section */
		7441D4BE237F1E0F00CAA1A1 = {
			isa = PBXGroup;
			children = (
				7441D4C9237F1E0F00CAA1A1 /* Alpha Results */,
				7441D4C8237F1E0F00CAA1A1 /* Products */,
			);
			sourceTree = "<group>";
		};
		7441D4C8237F1E0F00CAA1A1 /* Products */ = {
			isa = PBXGroup;
			children = (
				7441D4C7237F1E0F00CAA1A1 /* Alpha Results.app */,
			);
			name = Products;
			sourceTree = "<group>";
		};
		7441D4C9237F1E0F00CAA1A1 /* Alpha Results */ = {
			isa = PBXGroup;
			children = (
				7441D4CA237F1E0F00CAA1A1 /* AppDelegate.swift */,
				7441D4CC237F1E0F00CAA1A1 /* SceneDelegate.swift */,
				7441D4D1237F1E0F00CAA1A1 /* ContentView.swift */,
				7441D4E1237F255D00CAA1A1 /* Home.swift */,
				7441D4E3237F266000CAA1A1 /* SearchRow.swift */,
				7441D4EB2381F7A900CAA1A1 /* SearchList.swift */,
				7441D4ED238264BF00CAA1A1 /* AthleteDetail.swift */,
				7489AF642383547100CA9DCB /* AthleteDetailHeader.swift */,
				7441D4E82381E9BC00CAA1A1 /* Models */,
				7441D4E52381DF8B00CAA1A1 /* Helpers */,
				7441D4D3237F1E1100CAA1A1 /* Assets.xcassets */,
				7441D4D8237F1E1100CAA1A1 /* LaunchScreen.storyboard */,
				7441D4DB237F1E1100CAA1A1 /* Info.plist */,
				7441D4CE237F1E0F00CAA1A1 /* Alpha_Results.xcdatamodeld */,
				7441D4D5237F1E1100CAA1A1 /* Preview Content */,
			);
			path = "Alpha Results";
			sourceTree = "<group>";
		};
		7441D4D5237F1E1100CAA1A1 /* Preview Content */ = {
			isa = PBXGroup;
			children = (
				7441D4D6237F1E1100CAA1A1 /* Preview Assets.xcassets */,
			);
			path = "Preview Content";
			sourceTree = "<group>";
		};
		7441D4E52381DF8B00CAA1A1 /* Helpers */ = {
			isa = PBXGroup;
			children = (
				7441D4E62381DFA200CAA1A1 /* CircleImage.swift */,
				7441D4EF23826D6F00CAA1A1 /* ToggleIndex.swift */,
			);
			path = Helpers;
			sourceTree = "<group>";
		};
		7441D4E82381E9BC00CAA1A1 /* Models */ = {
			isa = PBXGroup;
			children = (
				7441D4E92381E9D900CAA1A1 /* Athlete.swift */,
			);
			path = Models;
			sourceTree = "<group>";
		};
/* End PBXGroup section */

/* Begin PBXNativeTarget section */
		7441D4C6237F1E0F00CAA1A1 /* Alpha Results */ = {
			isa = PBXNativeTarget;
			buildConfigurationList = 7441D4DE237F1E1100CAA1A1 /* Build configuration list for PBXNativeTarget "Alpha Results" */;
			buildPhases = (
				7441D4C3237F1E0F00CAA1A1 /* Sources */,
				7441D4C4237F1E0F00CAA1A1 /* Frameworks */,
				7441D4C5237F1E0F00CAA1A1 /* Resources */,
			);
			buildRules = (
			);
			dependencies = (
			);
			name = "Alpha Results";
			productName = "Alpha Results";
			productReference = 7441D4C7237F1E0F00CAA1A1 /* Alpha Results.app */;
			productType = "com.apple.product-type.application";
		};
/* End PBXNativeTarget section */

/* Begin PBXProject section */
		7441D4BF237F1E0F00CAA1A1 /* Project object */ = {
			isa = PBXProject;
			attributes = {
				LastSwiftUpdateCheck = 1120;
				LastUpgradeCheck = 1120;
				ORGANIZATIONNAME = "Evan Jameson";
				TargetAttributes = {
					7441D4C6237F1E0F00CAA1A1 = {
						CreatedOnToolsVersion = 11.2.1;
					};
				};
			};
			buildConfigurationList = 7441D4C2237F1E0F00CAA1A1 /* Build configuration list for PBXProject "Alpha Results" */;
			compatibilityVersion = "Xcode 9.3";
			developmentRegion = en;
			hasScannedForEncodings = 0;
			knownRegions = (
				en,
				Base,
			);
			mainGroup = 7441D4BE237F1E0F00CAA1A1;
			productRefGroup = 7441D4C8237F1E0F00CAA1A1 /* Products */;
			projectDirPath = "";
			projectRoot = "";
			targets = (
				7441D4C6237F1E0F00CAA1A1 /* Alpha Results */,
			);
		};
/* End PBXProject section */

/* Begin PBXResourcesBuildPhase section */
		7441D4C5237F1E0F00CAA1A1 /* Resources */ = {
			isa = PBXResourcesBuildPhase;
			buildActionMask = 2147483647;
			files = (
				7441D4DA237F1E1100CAA1A1 /* LaunchScreen.storyboard in Resources */,
				7441D4D7237F1E1100CAA1A1 /* Preview Assets.xcassets in Resources */,
				7441D4D4237F1E1100CAA1A1 /* Assets.xcassets in Resources */,
			);
			runOnlyForDeploymentPostprocessing = 0;
		};
/* End PBXResourcesBuildPhase section */

/* Begin PBXSourcesBuildPhase section */
		7441D4C3237F1E0F00CAA1A1 /* Sources */ = {
			isa = PBXSourcesBuildPhase;
			buildActionMask = 2147483647;
			files = (
				7441D4CB237F1E0F00CAA1A1 /* AppDelegate.swift in Sources */,
				7441D4CD237F1E0F00CAA1A1 /* SceneDelegate.swift in Sources */,
				7441D4EC2381F7A900CAA1A1 /* SearchList.swift in Sources */,
				7441D4E2237F255D00CAA1A1 /* Home.swift in Sources */,
				7441D4E72381DFA200CAA1A1 /* CircleImage.swift in Sources */,
				7441D4D2237F1E0F00CAA1A1 /* ContentView.swift in Sources */,
				7441D4E4237F266000CAA1A1 /* SearchRow.swift in Sources */,
				7441D4D0237F1E0F00CAA1A1 /* Alpha_Results.xcdatamodeld in Sources */,
				7441D4F023826D6F00CAA1A1 /* ToggleIndex.swift in Sources */,
				7441D4EE238264C000CAA1A1 /* AthleteDetail.swift in Sources */,
				7441D4EA2381E9D900CAA1A1 /* Athlete.swift in Sources */,
				7489AF652383547100CA9DCB /* AthleteDetailHeader.swift in Sources */,
			);
			runOnlyForDeploymentPostprocessing = 0;
		};
/* End PBXSourcesBuildPhase section */

/* Begin PBXVariantGroup section */
		7441D4D8237F1E1100CAA1A1 /* LaunchScreen.storyboard */ = {
			isa = PBXVariantGroup;
			children = (
				7441D4D9237F1E1100CAA1A1 /* Base */,
			);
			name = LaunchScreen.storyboard;
			sourceTree = "<group>";
		};
/* End PBXVariantGroup section */

/* Begin XCBuildConfiguration section */
		7441D4DC237F1E1100CAA1A1 /* Debug */ = {
			isa = XCBuildConfiguration;
			buildSettings = {
				ALWAYS_SEARCH_USER_PATHS = NO;
				CLANG_ANALYZER_NONNULL = YES;
				CLANG_ANALYZER_NUMBER_OBJECT_CONVERSION = YES_AGGRESSIVE;
				CLANG_CXX_LANGUAGE_STANDARD = "gnu++14";
				CLANG_CXX_LIBRARY = "libc++";
				CLANG_ENABLE_MODULES = YES;
				CLANG_ENABLE_OBJC_ARC = YES;
				CLANG_ENABLE_OBJC_WEAK = YES;
				CLANG_WARN_BLOCK_CAPTURE_AUTORELEASING = YES;
				CLANG_WARN_BOOL_CONVERSION = YES;
				CLANG_WARN_COMMA = YES;
				CLANG_WARN_CONSTANT_CONVERSION = YES;
				CLANG_WARN_DEPRECATED_OBJC_IMPLEMENTATIONS = YES;
				CLANG_WARN_DIRECT_OBJC_ISA_USAGE = YES_ERROR;
				CLANG_WARN_DOCUMENTATION_COMMENTS = YES;
				CLANG_WARN_EMPTY_BODY = YES;
				CLANG_WARN_ENUM_CONVERSION = YES;
				CLANG_WARN_INFINITE_RECURSION = YES;
				CLANG_WARN_INT_CONVERSION = YES;
				CLANG_WARN_NON_LITERAL_NULL_CONVERSION = YES;
				CLANG_WARN_OBJC_IMPLICIT_RETAIN_SELF = YES;
				CLANG_WARN_OBJC_LITERAL_CONVERSION = YES;
				CLANG_WARN_OBJC_ROOT_CLASS = YES_ERROR;
				CLANG_WARN_RANGE_LOOP_ANALYSIS = YES;
				CLANG_WARN_STRICT_PROTOTYPES = YES;
				CLANG_WARN_SUSPICIOUS_MOVE = YES;
				CLANG_WARN_UNGUARDED_AVAILABILITY = YES_AGGRESSIVE;
				CLANG_WARN_UNREACHABLE_CODE = YES;
				CLANG_WARN__DUPLICATE_METHOD_MATCH = YES;
				COPY_PHASE_STRIP = NO;
				DEBUG_INFORMATION_FORMAT = dwarf;
				ENABLE_STRICT_OBJC_MSGSEND = YES;
				ENABLE_TESTABILITY = YES;
				GCC_C_LANGUAGE_STANDARD = gnu11;
				GCC_DYNAMIC_NO_PIC = NO;
				GCC_NO_COMMON_BLOCKS = YES;
				GCC_OPTIMIZATION_LEVEL = 0;
				GCC_PREPROCESSOR_DEFINITIONS = (
					"DEBUG=1",
					"$(inherited)",
				);
				GCC_WARN_64_TO_32_BIT_CONVERSION = YES;
				GCC_WARN_ABOUT_RETURN_TYPE = YES_ERROR;
				GCC_WARN_UNDECLARED_SELECTOR = YES;
				GCC_WARN_UNINITIALIZED_AUTOS = YES_AGGRESSIVE;
				GCC_WARN_UNUSED_FUNCTION = YES;
				GCC_WARN_UNUSED_VARIABLE = YES;
				IPHONEOS_DEPLOYMENT_TARGET = 13.2;
				MTL_ENABLE_DEBUG_INFO = INCLUDE_SOURCE;
				MTL_FAST_MATH = YES;
				ONLY_ACTIVE_ARCH = YES;
				SDKROOT = iphoneos;
				SWIFT_ACTIVE_COMPILATION_CONDITIONS = DEBUG;
				SWIFT_OPTIMIZATION_LEVEL = "-Onone";
			};
			name = Debug;
		};
		7441D4DD237F1E1100CAA1A1 /* Release */ = {
			isa = XCBuildConfiguration;
			buildSettings = {
				ALWAYS_SEARCH_USER_PATHS = NO;
				CLANG_ANALYZER_NONNULL = YES;
				CLANG_ANALYZER_NUMBER_OBJECT_CONVERSION = YES_AGGRESSIVE;
				CLANG_CXX_LANGUAGE_STANDARD = "gnu++14";
				CLANG_CXX_LIBRARY = "libc++";
				CLANG_ENABLE_MODULES = YES;
				CLANG_ENABLE_OBJC_ARC = YES;
				CLANG_ENABLE_OBJC_WEAK = YES;
				CLANG_WARN_BLOCK_CAPTURE_AUTORELEASING = YES;
				CLANG_WARN_BOOL_CONVERSION = YES;
				CLANG_WARN_COMMA = YES;
				CLANG_WARN_CONSTANT_CONVERSION = YES;
				CLANG_WARN_DEPRECATED_OBJC_IMPLEMENTATIONS = YES;
				CLANG_WARN_DIRECT_OBJC_ISA_USAGE = YES_ERROR;
				CLANG_WARN_DOCUMENTATION_COMMENTS = YES;
				CLANG_WARN_EMPTY_BODY = YES;
				CLANG_WARN_ENUM_CONVERSION = YES;
				CLANG_WARN_INFINITE_RECURSION = YES;
				CLANG_WARN_INT_CONVERSION = YES;
				CLANG_WARN_NON_LITERAL_NULL_CONVERSION = YES;
				CLANG_WARN_OBJC_IMPLICIT_RETAIN_SELF = YES;
				CLANG_WARN_OBJC_LITERAL_CONVERSION = YES;
				CLANG_WARN_OBJC_ROOT_CLASS = YES_ERROR;
				CLANG_WARN_RANGE_LOOP_ANALYSIS = YES;
				CLANG_WARN_STRICT_PROTOTYPES = YES;
				CLANG_WARN_SUSPICIOUS_MOVE = YES;
				CLANG_WARN_UNGUARDED_AVAILABILITY = YES_AGGRESSIVE;
				CLANG_WARN_UNREACHABLE_CODE = YES;
				CLANG_WARN__DUPLICATE_METHOD_MATCH = YES;
				COPY_PHASE_STRIP = NO;
				DEBUG_INFORMATION_FORMAT = "dwarf-with-dsym";
				ENABLE_NS_ASSERTIONS = NO;
				ENABLE_STRICT_OBJC_MSGSEND = YES;
				GCC_C_LANGUAGE_STANDARD = gnu11;
				GCC_NO_COMMON_BLOCKS = YES;
				GCC_WARN_64_TO_32_BIT_CONVERSION = YES;
				GCC_WARN_ABOUT_RETURN_TYPE = YES_ERROR;
				GCC_WARN_UNDECLARED_SELECTOR = YES;
				GCC_WARN_UNINITIALIZED_AUTOS = YES_AGGRESSIVE;
				GCC_WARN_UNUSED_FUNCTION = YES;
				GCC_WARN_UNUSED_VARIABLE = YES;
				IPHONEOS_DEPLOYMENT_TARGET = 13.2;
				MTL_ENABLE_DEBUG_INFO = NO;
				MTL_FAST_MATH = YES;
				SDKROOT = iphoneos;
				SWIFT_COMPILATION_MODE = wholemodule;
				SWIFT_OPTIMIZATION_LEVEL = "-O";
				VALIDATE_PRODUCT = YES;
			};
			name = Release;
		};
		7441D4DF237F1E1100CAA1A1 /* Debug */ = {
			isa = XCBuildConfiguration;
			buildSettings = {
				ASSETCATALOG_COMPILER_APPICON_NAME = AppIcon;
				CODE_SIGN_STYLE = Automatic;
				DEVELOPMENT_ASSET_PATHS = "\"Alpha Results/Preview Content\"";
				DEVELOPMENT_TEAM = 8DU5NS7T8P;
				ENABLE_PREVIEWS = YES;
				INFOPLIST_FILE = "Alpha Results/Info.plist";
				LD_RUNPATH_SEARCH_PATHS = (
					"$(inherited)",
					"@executable_path/Frameworks",
				);
				PRODUCT_BUNDLE_IDENTIFIER = "EJ.Alpha-Results";
				PRODUCT_NAME = "$(TARGET_NAME)";
				SWIFT_VERSION = 5.0;
				TARGETED_DEVICE_FAMILY = "1,2";
			};
			name = Debug;
		};
		7441D4E0237F1E1100CAA1A1 /* Release */ = {
			isa = XCBuildConfiguration;
			buildSettings = {
				ASSETCATALOG_COMPILER_APPICON_NAME = AppIcon;
				CODE_SIGN_STYLE = Automatic;
				DEVELOPMENT_ASSET_PATHS = "\"Alpha Results/Preview Content\"";
				DEVELOPMENT_TEAM = 8DU5NS7T8P;
				ENABLE_PREVIEWS = YES;
				INFOPLIST_FILE = "Alpha Results/Info.plist";
				LD_RUNPATH_SEARCH_PATHS = (
					"$(inherited)",
					"@executable_path/Frameworks",
				);
				PRODUCT_BUNDLE_IDENTIFIER = "EJ.Alpha-Results";
				PRODUCT_NAME = "$(TARGET_NAME)";
				SWIFT_VERSION = 5.0;
				TARGETED_DEVICE_FAMILY = "1,2";
			};
			name = Release;
		};
/* End XCBuildConfiguration section */

/* Begin XCConfigurationList section */
		7441D4C2237F1E0F00CAA1A1 /* Build configuration list for PBXProject "Alpha Results" */ = {
			isa = XCConfigurationList;
			buildConfigurations = (
				7441D4DC237F1E1100CAA1A1 /* Debug */,
				7441D4DD237F1E1100CAA1A1 /* Release */,
			);
			defaultConfigurationIsVisible = 0;
			defaultConfigurationName = Release;
		};
		7441D4DE237F1E1100CAA1A1 /* Build configuration list for PBXNativeTarget "Alpha Results" */ = {
			isa = XCConfigurationList;
			buildConfigurations = (
				7441D4DF237F1E1100CAA1A1 /* Debug */,
				7441D4E0237F1E1100CAA1A1 /* Release */,
			);
			defaultConfigurationIsVisible = 0;
			defaultConfigurationName = Release;
		};
/* End XCConfigurationList section */

/* Begin XCVersionGroup section */
		7441D4CE237F1E0F00CAA1A1 /* Alpha_Results.xcdatamodeld */ = {
			isa = XCVersionGroup;
			children = (
				7441D4CF237F1E0F00CAA1A1 /* Alpha_Results.xcdatamodel */,
			);
			currentVersion = 7441D4CF237F1E0F00CAA1A1 /* Alpha_Results.xcdatamodel */;
			path = Alpha_Results.xcdatamodeld;
			sourceTree = "<group>";
			versionGroupType = wrapper.xcdatamodel;
		};
/* End XCVersionGroup section */
	};
	rootObject = 7441D4BF237F1E0F00CAA1A1 /* Project object */;
}
